// !$*UTF8*$!
{
	archiveVersion = 1;
	classes = {
	};
	objectVersion = 48;
	objects = {

/* Begin PBXBuildFile section */
		160C034E2000B20B00BD3EC2 /* EinstellungsController.swift in Sources */ = {isa = PBXBuildFile; fileRef = 160C034D2000B20B00BD3EC2 /* EinstellungsController.swift */; };
		160C03502001864200BD3EC2 /* LaunchScreen.storyboard in Resources */ = {isa = PBXBuildFile; fileRef = 160C034F2001864200BD3EC2 /* LaunchScreen.storyboard */; };
		1618676920D69C1E0031FC87 /* ScanningViewController.swift in Sources */ = {isa = PBXBuildFile; fileRef = 1618676820D69C1E0031FC87 /* ScanningViewController.swift */; };
		1638DE2F2075597300FD069C /* libz.tbd in Frameworks */ = {isa = PBXBuildFile; fileRef = 1638DE2E2075597300FD069C /* libz.tbd */; };
		163C3343204B121B00D03E41 /* ImageUpload.swift in Sources */ = {isa = PBXBuildFile; fileRef = 163C3342204B121B00D03E41 /* ImageUpload.swift */; };
		163C50AC2056AE230084701B /* App_Settings.swift in Sources */ = {isa = PBXBuildFile; fileRef = 163C50AB2056AE230084701B /* App_Settings.swift */; };
		164689A420E402CE00D44591 /* SpaltenSelectionProtocol.swift in Sources */ = {isa = PBXBuildFile; fileRef = 164689A220E402CE00D44591 /* SpaltenSelectionProtocol.swift */; };
		164689A520E402CE00D44591 /* SpaltenTableViewCell.swift in Sources */ = {isa = PBXBuildFile; fileRef = 164689A320E402CE00D44591 /* SpaltenTableViewCell.swift */; };
		164809BA2075264E00B44A60 /* CustomSegue.swift in Sources */ = {isa = PBXBuildFile; fileRef = 164809B92075264E00B44A60 /* CustomSegue.swift */; };
		164840762007B2980023AC43 /* QRSplitter.swift in Sources */ = {isa = PBXBuildFile; fileRef = 164840752007B2980023AC43 /* QRSplitter.swift */; };
		1654ED082017B7EC00529C6B /* OnboardingController.swift in Sources */ = {isa = PBXBuildFile; fileRef = 1654ED072017B7EB00529C6B /* OnboardingController.swift */; };
		1666D96C20D18C6E00F48AE6 /* Phobit_Tests.swift in Sources */ = {isa = PBXBuildFile; fileRef = 1666D96B20D18C6E00F48AE6 /* Phobit_Tests.swift */; };
		1666D97420D18D5100F48AE6 /* Phobit_UI_Tests.swift in Sources */ = {isa = PBXBuildFile; fileRef = 1666D97320D18D5100F48AE6 /* Phobit_UI_Tests.swift */; };
		1666D97520D1917E00F48AE6 /* BillData2.0.swift in Sources */ = {isa = PBXBuildFile; fileRef = 169E8BAB2037295300D0C36E /* BillData2.0.swift */; };
		1666D97620D1940800F48AE6 /* Steuerzeile.swift in Sources */ = {isa = PBXBuildFile; fileRef = 169E8BAD20372D1200D0C36E /* Steuerzeile.swift */; };
		1666D97720D1942400F48AE6 /* UserData.swift in Sources */ = {isa = PBXBuildFile; fileRef = 3CAB9062202DDCE800453E6E /* UserData.swift */; };
		1666D97820D1942400F48AE6 /* CustomFormat.swift in Sources */ = {isa = PBXBuildFile; fileRef = 983DEB1420166C0C00F98A9C /* CustomFormat.swift */; };
		1666D97D20D54C9D00F48AE6 /* VerwendungszweckTests.swift in Sources */ = {isa = PBXBuildFile; fileRef = 1666D97C20D54C9D00F48AE6 /* VerwendungszweckTests.swift */; };
		1666D97E20D68FA700F48AE6 /* EditingProtocol.swift in Sources */ = {isa = PBXBuildFile; fileRef = 9893AB3020387B5D00249850 /* EditingProtocol.swift */; };
		169E8BAC2037295300D0C36E /* BillData2.0.swift in Sources */ = {isa = PBXBuildFile; fileRef = 169E8BAB2037295300D0C36E /* BillData2.0.swift */; };
		169E8BAE20372D1200D0C36E /* Steuerzeile.swift in Sources */ = {isa = PBXBuildFile; fileRef = 169E8BAD20372D1200D0C36E /* Steuerzeile.swift */; };
		16B0434E2091CF5200D89E93 /* NeuralNetwork.swift in Sources */ = {isa = PBXBuildFile; fileRef = 16B0434D2091CF5200D89E93 /* NeuralNetwork.swift */; };
		16B23707204D4B5900CFD87D /* PhobitColorPicker.swift in Sources */ = {isa = PBXBuildFile; fileRef = 16B23706204D4B5900CFD87D /* PhobitColorPicker.swift */; };
		16D8DC3A202CB05D00D001C4 /* Memory.swift in Sources */ = {isa = PBXBuildFile; fileRef = 16D8DC39202CB05D00D001C4 /* Memory.swift */; };
		16FD6C9C20430DAD00D8B88D /* BezahlformenPickerViewController.swift in Sources */ = {isa = PBXBuildFile; fileRef = 16FD6C9B20430DAD00D8B88D /* BezahlformenPickerViewController.swift */; };
		16FD6C9E20431B5000D8B88D /* ImageDataStorer.swift in Sources */ = {isa = PBXBuildFile; fileRef = 16FD6C9D20431B4F00D8B88D /* ImageDataStorer.swift */; };
		16FD6CA220445A5A00D8B88D /* ZeilenPickerViewController.swift in Sources */ = {isa = PBXBuildFile; fileRef = 16FD6CA120445A5A00D8B88D /* ZeilenPickerViewController.swift */; };
		16FD6CA6204479C100D8B88D /* AccountTableViewController.swift in Sources */ = {isa = PBXBuildFile; fileRef = 16FD6CA5204479C100D8B88D /* AccountTableViewController.swift */; };
		3C2A41DA2090C91D00FE1CE9 /* Database.swift in Sources */ = {isa = PBXBuildFile; fileRef = 3C2A41D92090C91D00FE1CE9 /* Database.swift */; };
		3C352B3E20447EF800117EAE /* LoginTableViewController.swift in Sources */ = {isa = PBXBuildFile; fileRef = 3C352B3D20447EF800117EAE /* LoginTableViewController.swift */; };
		3C70AB9B2056C0FA002F08B0 /* SetANameOnboarding.swift in Sources */ = {isa = PBXBuildFile; fileRef = 3C70AB9A2056C0FA002F08B0 /* SetANameOnboarding.swift */; };
		3C8D76FA2095E4FB007D5EBA /* VerticalScrollViewController.swift in Sources */ = {isa = PBXBuildFile; fileRef = 3C8D76F82095E4FA007D5EBA /* VerticalScrollViewController.swift */; };
		3C8D76FB2095E4FB007D5EBA /* SnapContainerViewController.swift in Sources */ = {isa = PBXBuildFile; fileRef = 3C8D76F92095E4FB007D5EBA /* SnapContainerViewController.swift */; };
		3CAB9063202DDCE900453E6E /* UserData.swift in Sources */ = {isa = PBXBuildFile; fileRef = 3CAB9062202DDCE800453E6E /* UserData.swift */; };
		3CAB9067202DDD6C00453E6E /* LoginTableViewCell.swift in Sources */ = {isa = PBXBuildFile; fileRef = 3CAB9066202DDD6B00453E6E /* LoginTableViewCell.swift */; };
		5B163D1218AC56B9E325C008 /* Pods_Phobit.framework in Frameworks */ = {isa = PBXBuildFile; fileRef = 2DE1F450566DCAAE62EC27E7 /* Pods_Phobit.framework */; };
		980270C1208F0B1D0033E808 /* DateUtilities.swift in Sources */ = {isa = PBXBuildFile; fileRef = 980270C0208F0B1D0033E808 /* DateUtilities.swift */; };
		981617202042E85100A3C29E /* SuchenTableViewSelectionHandler.swift in Sources */ = {isa = PBXBuildFile; fileRef = 9816171F2042E85100A3C29E /* SuchenTableViewSelectionHandler.swift */; };
		981B67561FDC7551008D9835 /* AppDelegate.swift in Sources */ = {isa = PBXBuildFile; fileRef = 981B67551FDC7551008D9835 /* AppDelegate.swift */; };
		981B675B1FDC7551008D9835 /* Main.storyboard in Resources */ = {isa = PBXBuildFile; fileRef = 981B67591FDC7551008D9835 /* Main.storyboard */; };
		981B676C1FDC7B61008D9835 /* AuswertungTableViewController.swift in Sources */ = {isa = PBXBuildFile; fileRef = 981B676B1FDC7B61008D9835 /* AuswertungTableViewController.swift */; };
		981B676E1FDC7B72008D9835 /* SuchenTableViewController.swift in Sources */ = {isa = PBXBuildFile; fileRef = 981B676D1FDC7B72008D9835 /* SuchenTableViewController.swift */; };
		981B67721FDC7B9A008D9835 /* BildViewController.swift in Sources */ = {isa = PBXBuildFile; fileRef = 981B67711FDC7B9A008D9835 /* BildViewController.swift */; };
		981B67741FDC7BBC008D9835 /* SuchenTableViewCell.swift in Sources */ = {isa = PBXBuildFile; fileRef = 981B67731FDC7BBC008D9835 /* SuchenTableViewCell.swift */; };
		9822B5CB201CD47B00C36A1F /* CustomToolbar.swift in Sources */ = {isa = PBXBuildFile; fileRef = 9822B5CA201CD47B00C36A1F /* CustomToolbar.swift */; };
		983789931FEC3DC400718A32 /* TwoItemsCell.swift in Sources */ = {isa = PBXBuildFile; fileRef = 983789921FEC3DC400718A32 /* TwoItemsCell.swift */; };
		983789951FEC3DD000718A32 /* TextCell.swift in Sources */ = {isa = PBXBuildFile; fileRef = 983789941FEC3DD000718A32 /* TextCell.swift */; };
		983789971FEC4B2B00718A32 /* InputType.swift in Sources */ = {isa = PBXBuildFile; fileRef = 983789961FEC4B2B00718A32 /* InputType.swift */; };
		983DEB1520166C0C00F98A9C /* CustomFormat.swift in Sources */ = {isa = PBXBuildFile; fileRef = 983DEB1420166C0C00F98A9C /* CustomFormat.swift */; };
		9844A6A0204316BE009ED46D /* DataMasterSearch.swift in Sources */ = {isa = PBXBuildFile; fileRef = 9844A69F204316BE009ED46D /* DataMasterSearch.swift */; };
		984DD79D205024150098BE0F /* SampleDataLoader.swift in Sources */ = {isa = PBXBuildFile; fileRef = 984DD79C205024150098BE0F /* SampleDataLoader.swift */; };
		984DD7A5205081330098BE0F /* sampleData.txt in Resources */ = {isa = PBXBuildFile; fileRef = 984DD7A4205081320098BE0F /* sampleData.txt */; };
		985935AD205564C500FB20D7 /* VisionUtilities.swift in Sources */ = {isa = PBXBuildFile; fileRef = 985935AC205564C500FB20D7 /* VisionUtilities.swift */; };
		9893AB2F20387B2C00249850 /* AuswertungSelectionHandler.swift in Sources */ = {isa = PBXBuildFile; fileRef = 9893AB2E20387B2C00249850 /* AuswertungSelectionHandler.swift */; };
		9893AB3120387B5D00249850 /* EditingProtocol.swift in Sources */ = {isa = PBXBuildFile; fileRef = 9893AB3020387B5D00249850 /* EditingProtocol.swift */; };
		9893AB3420387E4200249850 /* TextPickerViewController.swift in Sources */ = {isa = PBXBuildFile; fileRef = 9893AB3320387E4200249850 /* TextPickerViewController.swift */; };
		9893AB3620387E4E00249850 /* DatePickerViewController.swift in Sources */ = {isa = PBXBuildFile; fileRef = 9893AB3520387E4E00249850 /* DatePickerViewController.swift */; };
		9893AB5C203B01BB00249850 /* ChooseKontierungViewController.swift in Sources */ = {isa = PBXBuildFile; fileRef = 9893AB5B203B01BB00249850 /* ChooseKontierungViewController.swift */; };
		9893AB5E203B024100249850 /* KontierungTableViewCell.swift in Sources */ = {isa = PBXBuildFile; fileRef = 9893AB5D203B024100249850 /* KontierungTableViewCell.swift */; };
		9893AB60203B07B900249850 /* PhobitKontenplan.csv in Resources */ = {isa = PBXBuildFile; fileRef = 9893AB5F203B07B800249850 /* PhobitKontenplan.csv */; };
		9893AB62203B221D00249850 /* DataMaster.swift in Sources */ = {isa = PBXBuildFile; fileRef = 9893AB61203B221D00249850 /* DataMaster.swift */; };
		98A9E0092098AC03008E142D /* WebService.swift in Sources */ = {isa = PBXBuildFile; fileRef = 98A9E0082098AC03008E142D /* WebService.swift */; };
		98A9E00B2098AC0B008E142D /* AutoCaptureObservator.swift in Sources */ = {isa = PBXBuildFile; fileRef = 98A9E00A2098AC0B008E142D /* AutoCaptureObservator.swift */; };
		98A9E0112098B324008E142D /* ScanningUserInformation.swift in Sources */ = {isa = PBXBuildFile; fileRef = 98A9E0102098B324008E142D /* ScanningUserInformation.swift */; };
		98A9E0132098B48B008E142D /* ScanningCameraStuff.swift in Sources */ = {isa = PBXBuildFile; fileRef = 98A9E0122098B48B008E142D /* ScanningCameraStuff.swift */; };
		98A9E0152098C216008E142D /* ScanningVision.swift in Sources */ = {isa = PBXBuildFile; fileRef = 98A9E0142098C216008E142D /* ScanningVision.swift */; };
		98A9E0172098C4B9008E142D /* Overlay.swift in Sources */ = {isa = PBXBuildFile; fileRef = 98A9E0162098C4B9008E142D /* Overlay.swift */; };
		98A9E0192098CD32008E142D /* ProcessResult.swift in Sources */ = {isa = PBXBuildFile; fileRef = 98A9E0182098CD32008E142D /* ProcessResult.swift */; };
		98B3A0082055A3C200D55CBA /* CustomRoundedEffectView.swift in Sources */ = {isa = PBXBuildFile; fileRef = 98B3A0072055A3C200D55CBA /* CustomRoundedEffectView.swift */; };
		98B767232006C2E000AFE504 /* Monate.swift in Sources */ = {isa = PBXBuildFile; fileRef = 98B767222006C2E000AFE504 /* Monate.swift */; };
		98B7672B2007867D00AFE504 /* ResultTableViewCell.swift in Sources */ = {isa = PBXBuildFile; fileRef = 98B7672A2007867D00AFE504 /* ResultTableViewCell.swift */; };
		98BA5AB720379DF7004655A0 /* GesamtBruttoTableViewCell.swift in Sources */ = {isa = PBXBuildFile; fileRef = 98BA5AB620379DF7004655A0 /* GesamtBruttoTableViewCell.swift */; };
		98CCC8A42056C86A008DB9E3 /* SmartSuggestions.swift in Sources */ = {isa = PBXBuildFile; fileRef = 98CCC8A32056C86A008DB9E3 /* SmartSuggestions.swift */; };
		98CFEDBC20A233E80045ADF2 /* GoogleService-Info.plist in Resources */ = {isa = PBXBuildFile; fileRef = 98CFEDBB20A233E80045ADF2 /* GoogleService-Info.plist */; };
		98D11AF51FF5C4FF00E7CDEC /* Images.xcassets in Resources */ = {isa = PBXBuildFile; fileRef = 16162C541FF58EF5002000E1 /* Images.xcassets */; };
		98D4ACEC2098EA2A009FD192 /* ImageProcessor.swift in Sources */ = {isa = PBXBuildFile; fileRef = 98D4ACEB2098EA2A009FD192 /* ImageProcessor.swift */; };
		98D768041FF52DDC00876B3E /* SuchfunktionDaten.swift in Sources */ = {isa = PBXBuildFile; fileRef = 98D768031FF52DDC00876B3E /* SuchfunktionDaten.swift */; };
/* End PBXBuildFile section */

/* Begin PBXContainerItemProxy section */
		1666D96E20D18C6E00F48AE6 /* PBXContainerItemProxy */ = {
			isa = PBXContainerItemProxy;
			containerPortal = 981B674A1FDC7551008D9835 /* Project object */;
			proxyType = 1;
			remoteGlobalIDString = 981B67511FDC7551008D9835;
			remoteInfo = Phobit;
		};
/* End PBXContainerItemProxy section */

/* Begin PBXCopyFilesBuildPhase section */
		98AD242B1FF55E4600417176 /* Embed App Extensions */ = {
			isa = PBXCopyFilesBuildPhase;
			buildActionMask = 2147483647;
			dstPath = "";
			dstSubfolderSpec = 13;
			files = (
			);
			name = "Embed App Extensions";
			runOnlyForDeploymentPostprocessing = 0;
		};
/* End PBXCopyFilesBuildPhase section */

/* Begin PBXFileReference section */
		160C034D2000B20B00BD3EC2 /* EinstellungsController.swift */ = {isa = PBXFileReference; lastKnownFileType = sourcecode.swift; path = EinstellungsController.swift; sourceTree = "<group>"; };
		160C034F2001864200BD3EC2 /* LaunchScreen.storyboard */ = {isa = PBXFileReference; lastKnownFileType = file.storyboard; path = LaunchScreen.storyboard; sourceTree = "<group>"; };
		16162C541FF58EF5002000E1 /* Images.xcassets */ = {isa = PBXFileReference; lastKnownFileType = folder.assetcatalog; name = Images.xcassets; path = Phobit/Images.xcassets; sourceTree = SOURCE_ROOT; };
		1618676820D69C1E0031FC87 /* ScanningViewController.swift */ = {isa = PBXFileReference; fileEncoding = 4; lastKnownFileType = sourcecode.swift; name = ScanningViewController.swift; path = "Phobit/ViewController Files/AuswertungsView/ScanningViewController.swift"; sourceTree = SOURCE_ROOT; };
		1638DE28207551E600FD069C /* libstdc++.tbd */ = {isa = PBXFileReference; lastKnownFileType = "sourcecode.text-based-dylib-definition"; name = "libstdc++.tbd"; path = "usr/lib/libstdc++.tbd"; sourceTree = SDKROOT; };
		1638DE2A207551F100FD069C /* CoreImage.framework */ = {isa = PBXFileReference; lastKnownFileType = wrapper.framework; name = CoreImage.framework; path = System/Library/Frameworks/CoreImage.framework; sourceTree = SDKROOT; };
		1638DE2C207551FF00FD069C /* TesseractOCR.framework */ = {isa = PBXFileReference; explicitFileType = wrapper.framework; path = TesseractOCR.framework; sourceTree = BUILT_PRODUCTS_DIR; };
		1638DE2E2075597300FD069C /* libz.tbd */ = {isa = PBXFileReference; lastKnownFileType = "sourcecode.text-based-dylib-definition"; name = libz.tbd; path = usr/lib/libz.tbd; sourceTree = SDKROOT; };
		163C3342204B121B00D03E41 /* ImageUpload.swift */ = {isa = PBXFileReference; lastKnownFileType = sourcecode.swift; path = ImageUpload.swift; sourceTree = "<group>"; };
		163C50AB2056AE230084701B /* App_Settings.swift */ = {isa = PBXFileReference; lastKnownFileType = sourcecode.swift; path = App_Settings.swift; sourceTree = "<group>"; };
		164689A220E402CE00D44591 /* SpaltenSelectionProtocol.swift */ = {isa = PBXFileReference; fileEncoding = 4; lastKnownFileType = sourcecode.swift; path = SpaltenSelectionProtocol.swift; sourceTree = "<group>"; };
		164689A320E402CE00D44591 /* SpaltenTableViewCell.swift */ = {isa = PBXFileReference; fileEncoding = 4; lastKnownFileType = sourcecode.swift; path = SpaltenTableViewCell.swift; sourceTree = "<group>"; };
		164809B92075264E00B44A60 /* CustomSegue.swift */ = {isa = PBXFileReference; lastKnownFileType = sourcecode.swift; path = CustomSegue.swift; sourceTree = "<group>"; };
		1648406520074E8B0023AC43 /* AVKit.framework */ = {isa = PBXFileReference; lastKnownFileType = wrapper.framework; name = AVKit.framework; path = System/Library/Frameworks/AVKit.framework; sourceTree = SDKROOT; };
		1648406620074E8B0023AC43 /* AVFoundation.framework */ = {isa = PBXFileReference; lastKnownFileType = wrapper.framework; name = AVFoundation.framework; path = System/Library/Frameworks/AVFoundation.framework; sourceTree = SDKROOT; };
		164840752007B2980023AC43 /* QRSplitter.swift */ = {isa = PBXFileReference; lastKnownFileType = sourcecode.swift; path = QRSplitter.swift; sourceTree = "<group>"; };
		1654ED072017B7EB00529C6B /* OnboardingController.swift */ = {isa = PBXFileReference; fileEncoding = 4; lastKnownFileType = sourcecode.swift; path = OnboardingController.swift; sourceTree = "<group>"; };
		1666D96920D18C6E00F48AE6 /* Phobit_Tests.xctest */ = {isa = PBXFileReference; explicitFileType = wrapper.cfbundle; includeInIndex = 0; path = Phobit_Tests.xctest; sourceTree = BUILT_PRODUCTS_DIR; };
		1666D96B20D18C6E00F48AE6 /* Phobit_Tests.swift */ = {isa = PBXFileReference; lastKnownFileType = sourcecode.swift; path = Phobit_Tests.swift; sourceTree = "<group>"; };
		1666D96D20D18C6E00F48AE6 /* Info.plist */ = {isa = PBXFileReference; lastKnownFileType = text.plist.xml; path = Info.plist; sourceTree = "<group>"; };
		1666D97320D18D5100F48AE6 /* Phobit_UI_Tests.swift */ = {isa = PBXFileReference; lastKnownFileType = sourcecode.swift; path = Phobit_UI_Tests.swift; sourceTree = "<group>"; };
		1666D97C20D54C9D00F48AE6 /* VerwendungszweckTests.swift */ = {isa = PBXFileReference; lastKnownFileType = sourcecode.swift; path = VerwendungszweckTests.swift; sourceTree = "<group>"; };
		1666D98020D6903C00F48AE6 /* de */ = {isa = PBXFileReference; lastKnownFileType = text.plist.strings; name = de; path = de.lproj/Main.strings; sourceTree = "<group>"; };
		1666D98120D6908400F48AE6 /* en */ = {isa = PBXFileReference; lastKnownFileType = text.plist.strings; name = en; path = en.lproj/Main.strings; sourceTree = "<group>"; };
		169E8BAB2037295300D0C36E /* BillData2.0.swift */ = {isa = PBXFileReference; lastKnownFileType = sourcecode.swift; path = BillData2.0.swift; sourceTree = "<group>"; };
		169E8BAD20372D1200D0C36E /* Steuerzeile.swift */ = {isa = PBXFileReference; lastKnownFileType = sourcecode.swift; path = Steuerzeile.swift; sourceTree = "<group>"; };
		16B0434D2091CF5200D89E93 /* NeuralNetwork.swift */ = {isa = PBXFileReference; lastKnownFileType = sourcecode.swift; path = NeuralNetwork.swift; sourceTree = "<group>"; };
		16B23706204D4B5900CFD87D /* PhobitColorPicker.swift */ = {isa = PBXFileReference; lastKnownFileType = sourcecode.swift; path = PhobitColorPicker.swift; sourceTree = "<group>"; };
		16D8DC39202CB05D00D001C4 /* Memory.swift */ = {isa = PBXFileReference; lastKnownFileType = sourcecode.swift; path = Memory.swift; sourceTree = "<group>"; };
		16FD6C9B20430DAD00D8B88D /* BezahlformenPickerViewController.swift */ = {isa = PBXFileReference; lastKnownFileType = sourcecode.swift; path = BezahlformenPickerViewController.swift; sourceTree = "<group>"; };
		16FD6C9D20431B4F00D8B88D /* ImageDataStorer.swift */ = {isa = PBXFileReference; fileEncoding = 4; lastKnownFileType = sourcecode.swift; path = ImageDataStorer.swift; sourceTree = "<group>"; };
		16FD6CA120445A5A00D8B88D /* ZeilenPickerViewController.swift */ = {isa = PBXFileReference; lastKnownFileType = sourcecode.swift; path = ZeilenPickerViewController.swift; sourceTree = "<group>"; };
		16FD6CA5204479C100D8B88D /* AccountTableViewController.swift */ = {isa = PBXFileReference; fileEncoding = 4; lastKnownFileType = sourcecode.swift; path = AccountTableViewController.swift; sourceTree = "<group>"; };
		2DE1F450566DCAAE62EC27E7 /* Pods_Phobit.framework */ = {isa = PBXFileReference; explicitFileType = wrapper.framework; includeInIndex = 0; path = Pods_Phobit.framework; sourceTree = BUILT_PRODUCTS_DIR; };
		3C2A41D92090C91D00FE1CE9 /* Database.swift */ = {isa = PBXFileReference; fileEncoding = 4; lastKnownFileType = sourcecode.swift; path = Database.swift; sourceTree = "<group>"; };
		3C352B3D20447EF800117EAE /* LoginTableViewController.swift */ = {isa = PBXFileReference; fileEncoding = 4; lastKnownFileType = sourcecode.swift; path = LoginTableViewController.swift; sourceTree = "<group>"; };
		3C70AB9A2056C0FA002F08B0 /* SetANameOnboarding.swift */ = {isa = PBXFileReference; lastKnownFileType = sourcecode.swift; path = SetANameOnboarding.swift; sourceTree = "<group>"; };
		3C8D76F82095E4FA007D5EBA /* VerticalScrollViewController.swift */ = {isa = PBXFileReference; fileEncoding = 4; lastKnownFileType = sourcecode.swift; path = VerticalScrollViewController.swift; sourceTree = "<group>"; };
		3C8D76F92095E4FB007D5EBA /* SnapContainerViewController.swift */ = {isa = PBXFileReference; fileEncoding = 4; lastKnownFileType = sourcecode.swift; path = SnapContainerViewController.swift; sourceTree = "<group>"; };
		3CAB9062202DDCE800453E6E /* UserData.swift */ = {isa = PBXFileReference; fileEncoding = 4; lastKnownFileType = sourcecode.swift; path = UserData.swift; sourceTree = "<group>"; };
		3CAB9066202DDD6B00453E6E /* LoginTableViewCell.swift */ = {isa = PBXFileReference; fileEncoding = 4; lastKnownFileType = sourcecode.swift; path = LoginTableViewCell.swift; sourceTree = "<group>"; };
		8CDEA678F282EAE48BCE5ADC /* Pods-Phobit.release.xcconfig */ = {isa = PBXFileReference; includeInIndex = 1; lastKnownFileType = text.xcconfig; name = "Pods-Phobit.release.xcconfig"; path = "Pods/Target Support Files/Pods-Phobit/Pods-Phobit.release.xcconfig"; sourceTree = "<group>"; };
		980270C0208F0B1D0033E808 /* DateUtilities.swift */ = {isa = PBXFileReference; fileEncoding = 4; lastKnownFileType = sourcecode.swift; path = DateUtilities.swift; sourceTree = "<group>"; };
		9816171F2042E85100A3C29E /* SuchenTableViewSelectionHandler.swift */ = {isa = PBXFileReference; lastKnownFileType = sourcecode.swift; path = SuchenTableViewSelectionHandler.swift; sourceTree = "<group>"; };
		981B67521FDC7551008D9835 /* Phobit.app */ = {isa = PBXFileReference; explicitFileType = wrapper.application; includeInIndex = 0; path = Phobit.app; sourceTree = BUILT_PRODUCTS_DIR; };
		981B67551FDC7551008D9835 /* AppDelegate.swift */ = {isa = PBXFileReference; lastKnownFileType = sourcecode.swift; path = AppDelegate.swift; sourceTree = "<group>"; };
		981B675A1FDC7551008D9835 /* Base */ = {isa = PBXFileReference; lastKnownFileType = file.storyboard; name = Base; path = Base.lproj/Main.storyboard; sourceTree = "<group>"; };
		981B67611FDC7551008D9835 /* Info.plist */ = {isa = PBXFileReference; lastKnownFileType = text.plist.xml; path = Info.plist; sourceTree = "<group>"; };
		981B676B1FDC7B61008D9835 /* AuswertungTableViewController.swift */ = {isa = PBXFileReference; lastKnownFileType = sourcecode.swift; path = AuswertungTableViewController.swift; sourceTree = "<group>"; };
		981B676D1FDC7B72008D9835 /* SuchenTableViewController.swift */ = {isa = PBXFileReference; lastKnownFileType = sourcecode.swift; path = SuchenTableViewController.swift; sourceTree = "<group>"; };
		981B67711FDC7B9A008D9835 /* BildViewController.swift */ = {isa = PBXFileReference; lastKnownFileType = sourcecode.swift; path = BildViewController.swift; sourceTree = "<group>"; };
		981B67731FDC7BBC008D9835 /* SuchenTableViewCell.swift */ = {isa = PBXFileReference; lastKnownFileType = sourcecode.swift; path = SuchenTableViewCell.swift; sourceTree = "<group>"; };
		9822B5CA201CD47B00C36A1F /* CustomToolbar.swift */ = {isa = PBXFileReference; lastKnownFileType = sourcecode.swift; path = CustomToolbar.swift; sourceTree = "<group>"; };
		983789921FEC3DC400718A32 /* TwoItemsCell.swift */ = {isa = PBXFileReference; lastKnownFileType = sourcecode.swift; path = TwoItemsCell.swift; sourceTree = "<group>"; };
		983789941FEC3DD000718A32 /* TextCell.swift */ = {isa = PBXFileReference; lastKnownFileType = sourcecode.swift; path = TextCell.swift; sourceTree = "<group>"; };
		983789961FEC4B2B00718A32 /* InputType.swift */ = {isa = PBXFileReference; lastKnownFileType = sourcecode.swift; path = InputType.swift; sourceTree = "<group>"; };
		983DEB1420166C0C00F98A9C /* CustomFormat.swift */ = {isa = PBXFileReference; lastKnownFileType = sourcecode.swift; path = CustomFormat.swift; sourceTree = "<group>"; };
		9844A69F204316BE009ED46D /* DataMasterSearch.swift */ = {isa = PBXFileReference; lastKnownFileType = sourcecode.swift; path = DataMasterSearch.swift; sourceTree = "<group>"; };
		984DD79C205024150098BE0F /* SampleDataLoader.swift */ = {isa = PBXFileReference; lastKnownFileType = sourcecode.swift; path = SampleDataLoader.swift; sourceTree = "<group>"; };
		984DD7A4205081320098BE0F /* sampleData.txt */ = {isa = PBXFileReference; fileEncoding = 4; lastKnownFileType = text; path = sampleData.txt; sourceTree = "<group>"; };
		985935AC205564C500FB20D7 /* VisionUtilities.swift */ = {isa = PBXFileReference; fileEncoding = 4; lastKnownFileType = sourcecode.swift; path = VisionUtilities.swift; sourceTree = "<group>"; };
		9893AB2E20387B2C00249850 /* AuswertungSelectionHandler.swift */ = {isa = PBXFileReference; lastKnownFileType = sourcecode.swift; path = AuswertungSelectionHandler.swift; sourceTree = "<group>"; };
		9893AB3020387B5D00249850 /* EditingProtocol.swift */ = {isa = PBXFileReference; lastKnownFileType = sourcecode.swift; path = EditingProtocol.swift; sourceTree = "<group>"; };
		9893AB3320387E4200249850 /* TextPickerViewController.swift */ = {isa = PBXFileReference; lastKnownFileType = sourcecode.swift; path = TextPickerViewController.swift; sourceTree = "<group>"; };
		9893AB3520387E4E00249850 /* DatePickerViewController.swift */ = {isa = PBXFileReference; lastKnownFileType = sourcecode.swift; path = DatePickerViewController.swift; sourceTree = "<group>"; };
		9893AB5B203B01BB00249850 /* ChooseKontierungViewController.swift */ = {isa = PBXFileReference; lastKnownFileType = sourcecode.swift; path = ChooseKontierungViewController.swift; sourceTree = "<group>"; };
		9893AB5D203B024100249850 /* KontierungTableViewCell.swift */ = {isa = PBXFileReference; lastKnownFileType = sourcecode.swift; path = KontierungTableViewCell.swift; sourceTree = "<group>"; };
		9893AB5F203B07B800249850 /* PhobitKontenplan.csv */ = {isa = PBXFileReference; fileEncoding = 4; lastKnownFileType = text; path = PhobitKontenplan.csv; sourceTree = "<group>"; };
		9893AB61203B221D00249850 /* DataMaster.swift */ = {isa = PBXFileReference; lastKnownFileType = sourcecode.swift; path = DataMaster.swift; sourceTree = "<group>"; };
		98A9E0082098AC03008E142D /* WebService.swift */ = {isa = PBXFileReference; fileEncoding = 4; lastKnownFileType = sourcecode.swift; path = WebService.swift; sourceTree = "<group>"; };
		98A9E00A2098AC0B008E142D /* AutoCaptureObservator.swift */ = {isa = PBXFileReference; fileEncoding = 4; lastKnownFileType = sourcecode.swift; path = AutoCaptureObservator.swift; sourceTree = "<group>"; };
		98A9E0102098B324008E142D /* ScanningUserInformation.swift */ = {isa = PBXFileReference; lastKnownFileType = sourcecode.swift; path = ScanningUserInformation.swift; sourceTree = "<group>"; };
		98A9E0122098B48B008E142D /* ScanningCameraStuff.swift */ = {isa = PBXFileReference; lastKnownFileType = sourcecode.swift; path = ScanningCameraStuff.swift; sourceTree = "<group>"; };
		98A9E0142098C216008E142D /* ScanningVision.swift */ = {isa = PBXFileReference; lastKnownFileType = sourcecode.swift; path = ScanningVision.swift; sourceTree = "<group>"; };
		98A9E0162098C4B9008E142D /* Overlay.swift */ = {isa = PBXFileReference; lastKnownFileType = sourcecode.swift; path = Overlay.swift; sourceTree = "<group>"; };
		98A9E0182098CD32008E142D /* ProcessResult.swift */ = {isa = PBXFileReference; lastKnownFileType = sourcecode.swift; path = ProcessResult.swift; sourceTree = "<group>"; };
		98B3A0072055A3C200D55CBA /* CustomRoundedEffectView.swift */ = {isa = PBXFileReference; lastKnownFileType = sourcecode.swift; path = CustomRoundedEffectView.swift; sourceTree = "<group>"; };
		98B767222006C2E000AFE504 /* Monate.swift */ = {isa = PBXFileReference; lastKnownFileType = sourcecode.swift; path = Monate.swift; sourceTree = "<group>"; };
		98B7672A2007867D00AFE504 /* ResultTableViewCell.swift */ = {isa = PBXFileReference; lastKnownFileType = sourcecode.swift; path = ResultTableViewCell.swift; sourceTree = "<group>"; };
		98BA5AB620379DF7004655A0 /* GesamtBruttoTableViewCell.swift */ = {isa = PBXFileReference; lastKnownFileType = sourcecode.swift; path = GesamtBruttoTableViewCell.swift; sourceTree = "<group>"; };
		98CCC8A32056C86A008DB9E3 /* SmartSuggestions.swift */ = {isa = PBXFileReference; lastKnownFileType = sourcecode.swift; path = SmartSuggestions.swift; sourceTree = "<group>"; };
		98CFEDBB20A233E80045ADF2 /* GoogleService-Info.plist */ = {isa = PBXFileReference; fileEncoding = 4; lastKnownFileType = text.plist.xml; path = "GoogleService-Info.plist"; sourceTree = "<group>"; };
		98D4ACEB2098EA2A009FD192 /* ImageProcessor.swift */ = {isa = PBXFileReference; lastKnownFileType = sourcecode.swift; path = ImageProcessor.swift; sourceTree = "<group>"; };
		98D768031FF52DDC00876B3E /* SuchfunktionDaten.swift */ = {isa = PBXFileReference; lastKnownFileType = sourcecode.swift; path = SuchfunktionDaten.swift; sourceTree = "<group>"; };
		BC49D276EA5EDF74FFB3A7AC /* Pods-Phobit.debug.xcconfig */ = {isa = PBXFileReference; includeInIndex = 1; lastKnownFileType = text.xcconfig; name = "Pods-Phobit.debug.xcconfig"; path = "Pods/Target Support Files/Pods-Phobit/Pods-Phobit.debug.xcconfig"; sourceTree = "<group>"; };
/* End PBXFileReference section */

/* Begin PBXFrameworksBuildPhase section */
		1666D96620D18C6E00F48AE6 /* Frameworks */ = {
			isa = PBXFrameworksBuildPhase;
			buildActionMask = 2147483647;
			files = (
			);
			runOnlyForDeploymentPostprocessing = 0;
		};
		981B674F1FDC7551008D9835 /* Frameworks */ = {
			isa = PBXFrameworksBuildPhase;
			buildActionMask = 2147483647;
			files = (
				1638DE2F2075597300FD069C /* libz.tbd in Frameworks */,
				5B163D1218AC56B9E325C008 /* Pods_Phobit.framework in Frameworks */,
			);
			runOnlyForDeploymentPostprocessing = 0;
		};
/* End PBXFrameworksBuildPhase section */

/* Begin PBXGroup section */
		1603F3FC201CEB07009557C1 /* ViewController Files */ = {
			isa = PBXGroup;
			children = (
				3C8D76F72095E4D1007D5EBA /* SwipeFunction */,
				160C034C2000B1F200BD3EC2 /* SettingsView */,
				981B67751FDC7BE1008D9835 /* SearchView */,
				983789911FEC3D8D00718A32 /* AuswertungsView */,
				9822B5CE201CE3A000C36A1F /* KameraView */,
				1687771B1FEEAFFB00A3B2AC /* Verschiedene View-Controller */,
			);
			path = "ViewController Files";
			sourceTree = "<group>";
		};
		1603F3FD201CF041009557C1 /* Additional Files */ = {
			isa = PBXGroup;
			children = (
				16B0434F2091CF6100D89E93 /* NeuralNetwork */,
				168BD09F206F942900431336 /* BillDataFiles */,
				168BD09E206F941500431336 /* AppSettings */,
				16B8A1061FEEB511005E95E9 /* Saving&Reading */,
				9822B5C9201CD46900C36A1F /* Custom User Interface */,
			);
			path = "Additional Files";
			sourceTree = "<group>";
		};
		160C034C2000B1F200BD3EC2 /* SettingsView */ = {
			isa = PBXGroup;
			children = (
				160C034D2000B20B00BD3EC2 /* EinstellungsController.swift */,
			);
			path = SettingsView;
			sourceTree = "<group>";
		};
		161602541FFE5EA60039438E /* FileManager */ = {
			isa = PBXGroup;
			children = (
				16FD6C9D20431B4F00D8B88D /* ImageDataStorer.swift */,
				16D8DC39202CB05D00D001C4 /* Memory.swift */,
				98CCC8A32056C86A008DB9E3 /* SmartSuggestions.swift */,
				163C3342204B121B00D03E41 /* ImageUpload.swift */,
				984DD79C205024150098BE0F /* SampleDataLoader.swift */,
			);
			path = FileManager;
			sourceTree = "<group>";
		};
		161602551FFE5EBE0039438E /* Splitter */ = {
			isa = PBXGroup;
			children = (
				164840752007B2980023AC43 /* QRSplitter.swift */,
			);
			path = Splitter;
			sourceTree = "<group>";
		};
		1618676A20D69D480031FC87 /* Kontierung */ = {
			isa = PBXGroup;
			children = (
				9893AB5B203B01BB00249850 /* ChooseKontierungViewController.swift */,
				9893AB5D203B024100249850 /* KontierungTableViewCell.swift */,
			);
			path = Kontierung;
			sourceTree = "<group>";
		};
		164689A120E402CE00D44591 /* Steueraufstellung */ = {
			isa = PBXGroup;
			children = (
				164689A220E402CE00D44591 /* SpaltenSelectionProtocol.swift */,
				164689A320E402CE00D44591 /* SpaltenTableViewCell.swift */,
			);
			path = Steueraufstellung;
			sourceTree = "<group>";
		};
		1648406420074E8A0023AC43 /* Frameworks */ = {
			isa = PBXGroup;
			children = (
				1638DE2E2075597300FD069C /* libz.tbd */,
				1638DE2C207551FF00FD069C /* TesseractOCR.framework */,
				1638DE2A207551F100FD069C /* CoreImage.framework */,
				1638DE28207551E600FD069C /* libstdc++.tbd */,
				1648406620074E8B0023AC43 /* AVFoundation.framework */,
				1648406520074E8B0023AC43 /* AVKit.framework */,
				2DE1F450566DCAAE62EC27E7 /* Pods_Phobit.framework */,
			);
			name = Frameworks;
			sourceTree = "<group>";
		};
		1666D96A20D18C6E00F48AE6 /* Phobit_Tests */ = {
			isa = PBXGroup;
			children = (
				1666D97C20D54C9D00F48AE6 /* VerwendungszweckTests.swift */,
				1666D97320D18D5100F48AE6 /* Phobit_UI_Tests.swift */,
				1666D96B20D18C6E00F48AE6 /* Phobit_Tests.swift */,
				1666D96D20D18C6E00F48AE6 /* Info.plist */,
			);
			path = Phobit_Tests;
			sourceTree = "<group>";
		};
		1687771B1FEEAFFB00A3B2AC /* Verschiedene View-Controller */ = {
			isa = PBXGroup;
			children = (
				16FD6CA5204479C100D8B88D /* AccountTableViewController.swift */,
				3CAB9066202DDD6B00453E6E /* LoginTableViewCell.swift */,
				3C352B3D20447EF800117EAE /* LoginTableViewController.swift */,
				1654ED072017B7EB00529C6B /* OnboardingController.swift */,
				981B67711FDC7B9A008D9835 /* BildViewController.swift */,
				3C70AB9A2056C0FA002F08B0 /* SetANameOnboarding.swift */,
			);
			path = "Verschiedene View-Controller";
			sourceTree = "<group>";
		};
		168BD09E206F941500431336 /* AppSettings */ = {
			isa = PBXGroup;
			children = (
				163C50AB2056AE230084701B /* App_Settings.swift */,
				16B23706204D4B5900CFD87D /* PhobitColorPicker.swift */,
			);
			path = AppSettings;
			sourceTree = "<group>";
		};
		168BD09F206F942900431336 /* BillDataFiles */ = {
			isa = PBXGroup;
			children = (
				169E8BAB2037295300D0C36E /* BillData2.0.swift */,
				3CAB9062202DDCE800453E6E /* UserData.swift */,
				983DEB1420166C0C00F98A9C /* CustomFormat.swift */,
				169E8BAD20372D1200D0C36E /* Steuerzeile.swift */,
			);
			path = BillDataFiles;
			sourceTree = "<group>";
		};
		16B0434F2091CF6100D89E93 /* NeuralNetwork */ = {
			isa = PBXGroup;
			children = (
				16B0434D2091CF5200D89E93 /* NeuralNetwork.swift */,
			);
			path = NeuralNetwork;
			sourceTree = "<group>";
		};
		16B8A1061FEEB511005E95E9 /* Saving&Reading */ = {
			isa = PBXGroup;
			children = (
				980270C0208F0B1D0033E808 /* DateUtilities.swift */,
				161602551FFE5EBE0039438E /* Splitter */,
				161602541FFE5EA60039438E /* FileManager */,
			);
			path = "Saving&Reading";
			sourceTree = "<group>";
		};
		3C2A41D62090C48800FE1CE9 /* DataBase */ = {
			isa = PBXGroup;
			children = (
				3C2A41D92090C91D00FE1CE9 /* Database.swift */,
			);
			path = DataBase;
			sourceTree = "<group>";
		};
		3C8D76F72095E4D1007D5EBA /* SwipeFunction */ = {
			isa = PBXGroup;
			children = (
				3C8D76F92095E4FB007D5EBA /* SnapContainerViewController.swift */,
				3C8D76F82095E4FA007D5EBA /* VerticalScrollViewController.swift */,
			);
			path = SwipeFunction;
			sourceTree = "<group>";
		};
		82D9C4FB078A40A865E1758F /* Pods */ = {
			isa = PBXGroup;
			children = (
				BC49D276EA5EDF74FFB3A7AC /* Pods-Phobit.debug.xcconfig */,
				8CDEA678F282EAE48BCE5ADC /* Pods-Phobit.release.xcconfig */,
			);
			name = Pods;
			sourceTree = "<group>";
		};
		981B67491FDC7551008D9835 = {
			isa = PBXGroup;
			children = (
				98CFEDBB20A233E80045ADF2 /* GoogleService-Info.plist */,
				981B67541FDC7551008D9835 /* Phobit */,
				1666D96A20D18C6E00F48AE6 /* Phobit_Tests */,
				981B67531FDC7551008D9835 /* Products */,
				1648406420074E8A0023AC43 /* Frameworks */,
				82D9C4FB078A40A865E1758F /* Pods */,
			);
			sourceTree = "<group>";
		};
		981B67531FDC7551008D9835 /* Products */ = {
			isa = PBXGroup;
			children = (
				981B67521FDC7551008D9835 /* Phobit.app */,
				1666D96920D18C6E00F48AE6 /* Phobit_Tests.xctest */,
			);
			name = Products;
			sourceTree = "<group>";
		};
		981B67541FDC7551008D9835 /* Phobit */ = {
			isa = PBXGroup;
			children = (
				3C2A41D62090C48800FE1CE9 /* DataBase */,
				1603F3FC201CEB07009557C1 /* ViewController Files */,
				1603F3FD201CF041009557C1 /* Additional Files */,
				981B67551FDC7551008D9835 /* AppDelegate.swift */,
				984DD7A4205081320098BE0F /* sampleData.txt */,
				9893AB5F203B07B800249850 /* PhobitKontenplan.csv */,
				981B67591FDC7551008D9835 /* Main.storyboard */,
				160C034F2001864200BD3EC2 /* LaunchScreen.storyboard */,
				981B67611FDC7551008D9835 /* Info.plist */,
				16162C541FF58EF5002000E1 /* Images.xcassets */,
			);
			path = Phobit;
			sourceTree = "<group>";
		};
		981B67751FDC7BE1008D9835 /* SearchView */ = {
			isa = PBXGroup;
			children = (
				98B767222006C2E000AFE504 /* Monate.swift */,
				981B676D1FDC7B72008D9835 /* SuchenTableViewController.swift */,
				9816171F2042E85100A3C29E /* SuchenTableViewSelectionHandler.swift */,
				9893AB61203B221D00249850 /* DataMaster.swift */,
				9844A69F204316BE009ED46D /* DataMasterSearch.swift */,
				98D768031FF52DDC00876B3E /* SuchfunktionDaten.swift */,
				981B67731FDC7BBC008D9835 /* SuchenTableViewCell.swift */,
				98B7672A2007867D00AFE504 /* ResultTableViewCell.swift */,
			);
			path = SearchView;
			sourceTree = "<group>";
		};
		9822B5C9201CD46900C36A1F /* Custom User Interface */ = {
			isa = PBXGroup;
			children = (
				9822B5CA201CD47B00C36A1F /* CustomToolbar.swift */,
				98B3A0072055A3C200D55CBA /* CustomRoundedEffectView.swift */,
				164809B92075264E00B44A60 /* CustomSegue.swift */,
			);
			path = "Custom User Interface";
			sourceTree = "<group>";
		};
		9822B5CE201CE3A000C36A1F /* KameraView */ = {
			isa = PBXGroup;
			children = (
				1618676820D69C1E0031FC87 /* ScanningViewController.swift */,
				98A9E00F2098B30C008E142D /* Files for ScanningVC */,
				98A9E00C2098AC11008E142D /* Backend Stuff */,
			);
			name = KameraView;
			path = "New Group";
			sourceTree = "<group>";
		};
		983789911FEC3D8D00718A32 /* AuswertungsView */ = {
			isa = PBXGroup;
			children = (
				9893AB3220387E1500249850 /* Pickers */,
				164689A120E402CE00D44591 /* Steueraufstellung */,
				1618676A20D69D480031FC87 /* Kontierung */,
				98BA5AB620379DF7004655A0 /* GesamtBruttoTableViewCell.swift */,
				9893AB2E20387B2C00249850 /* AuswertungSelectionHandler.swift */,
				981B676B1FDC7B61008D9835 /* AuswertungTableViewController.swift */,
				9893AB3020387B5D00249850 /* EditingProtocol.swift */,
				983789921FEC3DC400718A32 /* TwoItemsCell.swift */,
				983789941FEC3DD000718A32 /* TextCell.swift */,
				983789961FEC4B2B00718A32 /* InputType.swift */,
			);
			path = AuswertungsView;
			sourceTree = "<group>";
		};
		9893AB3220387E1500249850 /* Pickers */ = {
			isa = PBXGroup;
			children = (
				9893AB3320387E4200249850 /* TextPickerViewController.swift */,
				9893AB3520387E4E00249850 /* DatePickerViewController.swift */,
				16FD6C9B20430DAD00D8B88D /* BezahlformenPickerViewController.swift */,
				16FD6CA120445A5A00D8B88D /* ZeilenPickerViewController.swift */,
			);
			path = Pickers;
			sourceTree = "<group>";
		};
		98A9E00C2098AC11008E142D /* Backend Stuff */ = {
			isa = PBXGroup;
			children = (
				985935AC205564C500FB20D7 /* VisionUtilities.swift */,
				98A9E0082098AC03008E142D /* WebService.swift */,
				98A9E00A2098AC0B008E142D /* AutoCaptureObservator.swift */,
				98A9E0162098C4B9008E142D /* Overlay.swift */,
				98D4ACEB2098EA2A009FD192 /* ImageProcessor.swift */,
			);
			path = "Backend Stuff";
			sourceTree = "<group>";
		};
		98A9E00F2098B30C008E142D /* Files for ScanningVC */ = {
			isa = PBXGroup;
			children = (
				98A9E0102098B324008E142D /* ScanningUserInformation.swift */,
				98A9E0122098B48B008E142D /* ScanningCameraStuff.swift */,
				98A9E0142098C216008E142D /* ScanningVision.swift */,
				98A9E0182098CD32008E142D /* ProcessResult.swift */,
			);
			path = "Files for ScanningVC";
			sourceTree = "<group>";
		};
/* End PBXGroup section */

/* Begin PBXNativeTarget section */
		1666D96820D18C6E00F48AE6 /* Phobit_Tests */ = {
			isa = PBXNativeTarget;
			buildConfigurationList = 1666D97020D18C6E00F48AE6 /* Build configuration list for PBXNativeTarget "Phobit_Tests" */;
			buildPhases = (
				1666D96520D18C6E00F48AE6 /* Sources */,
				1666D96620D18C6E00F48AE6 /* Frameworks */,
				1666D96720D18C6E00F48AE6 /* Resources */,
			);
			buildRules = (
			);
			dependencies = (
				1666D96F20D18C6E00F48AE6 /* PBXTargetDependency */,
			);
			name = Phobit_Tests;
			productName = Phobit_Tests;
			productReference = 1666D96920D18C6E00F48AE6 /* Phobit_Tests.xctest */;
			productType = "com.apple.product-type.bundle.unit-test";
		};
		981B67511FDC7551008D9835 /* Phobit */ = {
			isa = PBXNativeTarget;
			buildConfigurationList = 981B67641FDC7551008D9835 /* Build configuration list for PBXNativeTarget "Phobit" */;
			buildPhases = (
				3A1C851EB98FC34CEFD69F3A /* [CP] Check Pods Manifest.lock */,
				981B674E1FDC7551008D9835 /* Sources */,
				981B674F1FDC7551008D9835 /* Frameworks */,
				981B67501FDC7551008D9835 /* Resources */,
				98AD242B1FF55E4600417176 /* Embed App Extensions */,
				5A1F503AC6A92F59E46806F7 /* [CP] Embed Pods Frameworks */,
			);
			buildRules = (
			);
			dependencies = (
			);
			name = Phobit;
			productName = Phobit;
			productReference = 981B67521FDC7551008D9835 /* Phobit.app */;
			productType = "com.apple.product-type.application";
		};
/* End PBXNativeTarget section */

/* Begin PBXProject section */
		981B674A1FDC7551008D9835 /* Project object */ = {
			isa = PBXProject;
			attributes = {
				CLASSPREFIX = "";
				LastSwiftUpdateCheck = 1000;
				LastUpgradeCheck = 0920;
				ORGANIZATIONNAME = LonoS;
				TargetAttributes = {
					1666D96820D18C6E00F48AE6 = {
						CreatedOnToolsVersion = 10.0;
						ProvisioningStyle = Automatic;
						TestTargetID = 981B67511FDC7551008D9835;
					};
					981B67511FDC7551008D9835 = {
						CreatedOnToolsVersion = 9.2;
						ProvisioningStyle = Automatic;
					};
				};
			};
			buildConfigurationList = 981B674D1FDC7551008D9835 /* Build configuration list for PBXProject "Phobit" */;
			compatibilityVersion = "Xcode 8.0";
			developmentRegion = en;
			hasScannedForEncodings = 0;
			knownRegions = (
				Base,
			);
			mainGroup = 981B67491FDC7551008D9835;
			productRefGroup = 981B67531FDC7551008D9835 /* Products */;
			projectDirPath = "";
			projectRoot = "";
			targets = (
				981B67511FDC7551008D9835 /* Phobit */,
				1666D96820D18C6E00F48AE6 /* Phobit_Tests */,
			);
		};
/* End PBXProject section */

/* Begin PBXResourcesBuildPhase section */
		1666D96720D18C6E00F48AE6 /* Resources */ = {
			isa = PBXResourcesBuildPhase;
			buildActionMask = 2147483647;
			files = (
			);
			runOnlyForDeploymentPostprocessing = 0;
		};
		981B67501FDC7551008D9835 /* Resources */ = {
			isa = PBXResourcesBuildPhase;
			buildActionMask = 2147483647;
			files = (
				160C03502001864200BD3EC2 /* LaunchScreen.storyboard in Resources */,
				98D11AF51FF5C4FF00E7CDEC /* Images.xcassets in Resources */,
				9893AB60203B07B900249850 /* PhobitKontenplan.csv in Resources */,
				981B675B1FDC7551008D9835 /* Main.storyboard in Resources */,
				984DD7A5205081330098BE0F /* sampleData.txt in Resources */,
				98CFEDBC20A233E80045ADF2 /* GoogleService-Info.plist in Resources */,
			);
			runOnlyForDeploymentPostprocessing = 0;
		};
/* End PBXResourcesBuildPhase section */

/* Begin PBXShellScriptBuildPhase section */
		3A1C851EB98FC34CEFD69F3A /* [CP] Check Pods Manifest.lock */ = {
			isa = PBXShellScriptBuildPhase;
			buildActionMask = 2147483647;
			files = (
			);
			inputPaths = (
				"${PODS_PODFILE_DIR_PATH}/Podfile.lock",
				"${PODS_ROOT}/Manifest.lock",
			);
			name = "[CP] Check Pods Manifest.lock";
			outputPaths = (
				"$(DERIVED_FILE_DIR)/Pods-Phobit-checkManifestLockResult.txt",
			);
			runOnlyForDeploymentPostprocessing = 0;
			shellPath = /bin/sh;
			shellScript = "diff \"${PODS_PODFILE_DIR_PATH}/Podfile.lock\" \"${PODS_ROOT}/Manifest.lock\" > /dev/null\nif [ $? != 0 ] ; then\n    # print error to STDERR\n    echo \"error: The sandbox is not in sync with the Podfile.lock. Run 'pod install' or update your CocoaPods installation.\" >&2\n    exit 1\nfi\n# This output is used by Xcode 'outputs' to avoid re-running this script phase.\necho \"SUCCESS\" > \"${SCRIPT_OUTPUT_FILE_0}\"\n";
			showEnvVarsInLog = 0;
		};
		5A1F503AC6A92F59E46806F7 /* [CP] Embed Pods Frameworks */ = {
			isa = PBXShellScriptBuildPhase;
			buildActionMask = 2147483647;
			files = (
			);
			inputPaths = (
				"${SRCROOT}/Pods/Target Support Files/Pods-Phobit/Pods-Phobit-frameworks.sh",
				"${BUILT_PRODUCTS_DIR}/Alamofire/Alamofire.framework",
				"${BUILT_PRODUCTS_DIR}/BoringSSL/openssl.framework",
				"${BUILT_PRODUCTS_DIR}/GTMSessionFetcher/GTMSessionFetcher.framework",
				"${BUILT_PRODUCTS_DIR}/GoogleToolboxForMac/GoogleToolboxForMac.framework",
				"${BUILT_PRODUCTS_DIR}/MGSwipeTableCell/MGSwipeTableCell.framework",
				"${BUILT_PRODUCTS_DIR}/Protobuf/Protobuf.framework",
				"${BUILT_PRODUCTS_DIR}/gRPC/GRPCClient.framework",
				"${BUILT_PRODUCTS_DIR}/gRPC-Core/grpc.framework",
				"${BUILT_PRODUCTS_DIR}/gRPC-ProtoRPC/ProtoRPC.framework",
				"${BUILT_PRODUCTS_DIR}/gRPC-RxLibrary/RxLibrary.framework",
				"${BUILT_PRODUCTS_DIR}/leveldb-library/leveldb.framework",
				"${BUILT_PRODUCTS_DIR}/nanopb/nanopb.framework",
			);
			name = "[CP] Embed Pods Frameworks";
			outputPaths = (
				"${TARGET_BUILD_DIR}/${FRAMEWORKS_FOLDER_PATH}/Alamofire.framework",
				"${TARGET_BUILD_DIR}/${FRAMEWORKS_FOLDER_PATH}/openssl.framework",
				"${TARGET_BUILD_DIR}/${FRAMEWORKS_FOLDER_PATH}/GTMSessionFetcher.framework",
				"${TARGET_BUILD_DIR}/${FRAMEWORKS_FOLDER_PATH}/GoogleToolboxForMac.framework",
				"${TARGET_BUILD_DIR}/${FRAMEWORKS_FOLDER_PATH}/MGSwipeTableCell.framework",
				"${TARGET_BUILD_DIR}/${FRAMEWORKS_FOLDER_PATH}/Protobuf.framework",
				"${TARGET_BUILD_DIR}/${FRAMEWORKS_FOLDER_PATH}/GRPCClient.framework",
				"${TARGET_BUILD_DIR}/${FRAMEWORKS_FOLDER_PATH}/grpc.framework",
				"${TARGET_BUILD_DIR}/${FRAMEWORKS_FOLDER_PATH}/ProtoRPC.framework",
				"${TARGET_BUILD_DIR}/${FRAMEWORKS_FOLDER_PATH}/RxLibrary.framework",
				"${TARGET_BUILD_DIR}/${FRAMEWORKS_FOLDER_PATH}/leveldb.framework",
				"${TARGET_BUILD_DIR}/${FRAMEWORKS_FOLDER_PATH}/nanopb.framework",
			);
			runOnlyForDeploymentPostprocessing = 0;
			shellPath = /bin/sh;
			shellScript = "\"${SRCROOT}/Pods/Target Support Files/Pods-Phobit/Pods-Phobit-frameworks.sh\"\n";
			showEnvVarsInLog = 0;
		};
/* End PBXShellScriptBuildPhase section */

/* Begin PBXSourcesBuildPhase section */
		1666D96520D18C6E00F48AE6 /* Sources */ = {
			isa = PBXSourcesBuildPhase;
			buildActionMask = 2147483647;
			files = (
				1666D96C20D18C6E00F48AE6 /* Phobit_Tests.swift in Sources */,
				1666D97620D1940800F48AE6 /* Steuerzeile.swift in Sources */,
				1666D97520D1917E00F48AE6 /* BillData2.0.swift in Sources */,
				1666D97E20D68FA700F48AE6 /* EditingProtocol.swift in Sources */,
				1666D97720D1942400F48AE6 /* UserData.swift in Sources */,
				1666D97D20D54C9D00F48AE6 /* VerwendungszweckTests.swift in Sources */,
				1666D97420D18D5100F48AE6 /* Phobit_UI_Tests.swift in Sources */,
				1666D97820D1942400F48AE6 /* CustomFormat.swift in Sources */,
			);
			runOnlyForDeploymentPostprocessing = 0;
		};
		981B674E1FDC7551008D9835 /* Sources */ = {
			isa = PBXSourcesBuildPhase;
			buildActionMask = 2147483647;
			files = (
				164689A520E402CE00D44591 /* SpaltenTableViewCell.swift in Sources */,
				98B3A0082055A3C200D55CBA /* CustomRoundedEffectView.swift in Sources */,
				9822B5CB201CD47B00C36A1F /* CustomToolbar.swift in Sources */,
				98B7672B2007867D00AFE504 /* ResultTableViewCell.swift in Sources */,
				98BA5AB720379DF7004655A0 /* GesamtBruttoTableViewCell.swift in Sources */,
				981B67561FDC7551008D9835 /* AppDelegate.swift in Sources */,
				9893AB2F20387B2C00249850 /* AuswertungSelectionHandler.swift in Sources */,
				16FD6CA220445A5A00D8B88D /* ZeilenPickerViewController.swift in Sources */,
				98A9E0192098CD32008E142D /* ProcessResult.swift in Sources */,
				16FD6C9E20431B5000D8B88D /* ImageDataStorer.swift in Sources */,
				160C034E2000B20B00BD3EC2 /* EinstellungsController.swift in Sources */,
				1654ED082017B7EC00529C6B /* OnboardingController.swift in Sources */,
				3C352B3E20447EF800117EAE /* LoginTableViewController.swift in Sources */,
				98A9E0132098B48B008E142D /* ScanningCameraStuff.swift in Sources */,
				983789931FEC3DC400718A32 /* TwoItemsCell.swift in Sources */,
				16B23707204D4B5900CFD87D /* PhobitColorPicker.swift in Sources */,
				163C3343204B121B00D03E41 /* ImageUpload.swift in Sources */,
				981B67721FDC7B9A008D9835 /* BildViewController.swift in Sources */,
				984DD79D205024150098BE0F /* SampleDataLoader.swift in Sources */,
				98A9E0112098B324008E142D /* ScanningUserInformation.swift in Sources */,
				98B767232006C2E000AFE504 /* Monate.swift in Sources */,
				3CAB9067202DDD6C00453E6E /* LoginTableViewCell.swift in Sources */,
				983789951FEC3DD000718A32 /* TextCell.swift in Sources */,
				3C2A41DA2090C91D00FE1CE9 /* Database.swift in Sources */,
				1618676920D69C1E0031FC87 /* ScanningViewController.swift in Sources */,
				163C50AC2056AE230084701B /* App_Settings.swift in Sources */,
				980270C1208F0B1D0033E808 /* DateUtilities.swift in Sources */,
				98A9E00B2098AC0B008E142D /* AutoCaptureObservator.swift in Sources */,
				169E8BAE20372D1200D0C36E /* Steuerzeile.swift in Sources */,
				3C8D76FB2095E4FB007D5EBA /* SnapContainerViewController.swift in Sources */,
				981B676C1FDC7B61008D9835 /* AuswertungTableViewController.swift in Sources */,
				169E8BAC2037295300D0C36E /* BillData2.0.swift in Sources */,
				16FD6CA6204479C100D8B88D /* AccountTableViewController.swift in Sources */,
				983DEB1520166C0C00F98A9C /* CustomFormat.swift in Sources */,
				985935AD205564C500FB20D7 /* VisionUtilities.swift in Sources */,
				3C8D76FA2095E4FB007D5EBA /* VerticalScrollViewController.swift in Sources */,
				981617202042E85100A3C29E /* SuchenTableViewSelectionHandler.swift in Sources */,
				981B67741FDC7BBC008D9835 /* SuchenTableViewCell.swift in Sources */,
				164809BA2075264E00B44A60 /* CustomSegue.swift in Sources */,
				9893AB3420387E4200249850 /* TextPickerViewController.swift in Sources */,
				164689A420E402CE00D44591 /* SpaltenSelectionProtocol.swift in Sources */,
				164840762007B2980023AC43 /* QRSplitter.swift in Sources */,
				3C70AB9B2056C0FA002F08B0 /* SetANameOnboarding.swift in Sources */,
				16D8DC3A202CB05D00D001C4 /* Memory.swift in Sources */,
				98A9E0152098C216008E142D /* ScanningVision.swift in Sources */,
				983789971FEC4B2B00718A32 /* InputType.swift in Sources */,
				3CAB9063202DDCE900453E6E /* UserData.swift in Sources */,
				9893AB3120387B5D00249850 /* EditingProtocol.swift in Sources */,
				9893AB3620387E4E00249850 /* DatePickerViewController.swift in Sources */,
				9893AB5C203B01BB00249850 /* ChooseKontierungViewController.swift in Sources */,
				9893AB62203B221D00249850 /* DataMaster.swift in Sources */,
				98D768041FF52DDC00876B3E /* SuchfunktionDaten.swift in Sources */,
				9893AB5E203B024100249850 /* KontierungTableViewCell.swift in Sources */,
				98A9E0092098AC03008E142D /* WebService.swift in Sources */,
				9844A6A0204316BE009ED46D /* DataMasterSearch.swift in Sources */,
				98D4ACEC2098EA2A009FD192 /* ImageProcessor.swift in Sources */,
				98A9E0172098C4B9008E142D /* Overlay.swift in Sources */,
				981B676E1FDC7B72008D9835 /* SuchenTableViewController.swift in Sources */,
				98CCC8A42056C86A008DB9E3 /* SmartSuggestions.swift in Sources */,
				16FD6C9C20430DAD00D8B88D /* BezahlformenPickerViewController.swift in Sources */,
				16B0434E2091CF5200D89E93 /* NeuralNetwork.swift in Sources */,
			);
			runOnlyForDeploymentPostprocessing = 0;
		};
/* End PBXSourcesBuildPhase section */

/* Begin PBXTargetDependency section */
		1666D96F20D18C6E00F48AE6 /* PBXTargetDependency */ = {
			isa = PBXTargetDependency;
			target = 981B67511FDC7551008D9835 /* Phobit */;
			targetProxy = 1666D96E20D18C6E00F48AE6 /* PBXContainerItemProxy */;
		};
/* End PBXTargetDependency section */

/* Begin PBXVariantGroup section */
		981B67591FDC7551008D9835 /* Main.storyboard */ = {
			isa = PBXVariantGroup;
			children = (
				981B675A1FDC7551008D9835 /* Base */,
				1666D98020D6903C00F48AE6 /* de */,
				1666D98120D6908400F48AE6 /* en */,
			);
			name = Main.storyboard;
			sourceTree = "<group>";
		};
/* End PBXVariantGroup section */

/* Begin XCBuildConfiguration section */
		1666D97120D18C6E00F48AE6 /* Debug */ = {
			isa = XCBuildConfiguration;
			buildSettings = {
				BUNDLE_LOADER = "$(TEST_HOST)";
				CLANG_ENABLE_OBJC_WEAK = YES;
				CLANG_WARN_DEPRECATED_OBJC_IMPLEMENTATIONS = YES;
				CLANG_WARN_OBJC_IMPLICIT_RETAIN_SELF = YES;
				CODE_SIGN_STYLE = Automatic;
				DEVELOPMENT_TEAM = 4365VP3HP5;
				INFOPLIST_FILE = Phobit_Tests/Info.plist;
				IPHONEOS_DEPLOYMENT_TARGET = 12.0;
				LD_RUNPATH_SEARCH_PATHS = "$(inherited) @executable_path/Frameworks @loader_path/Frameworks";
				MTL_ENABLE_DEBUG_INFO = INCLUDE_SOURCE;
				PRODUCT_BUNDLE_IDENTIFIER = "lab73.Phobit-Tests";
				PRODUCT_NAME = "$(TARGET_NAME)";
				SWIFT_VERSION = 4.2;
				TARGETED_DEVICE_FAMILY = "1,2";
				TEST_HOST = "$(BUILT_PRODUCTS_DIR)/Phobit.app/Phobit";
			};
			name = Debug;
		};
		1666D97220D18C6E00F48AE6 /* Release */ = {
			isa = XCBuildConfiguration;
			buildSettings = {
				BUNDLE_LOADER = "$(TEST_HOST)";
				CLANG_ENABLE_OBJC_WEAK = YES;
				CLANG_WARN_DEPRECATED_OBJC_IMPLEMENTATIONS = YES;
				CLANG_WARN_OBJC_IMPLICIT_RETAIN_SELF = YES;
				CODE_SIGN_STYLE = Automatic;
				DEVELOPMENT_TEAM = 4365VP3HP5;
				INFOPLIST_FILE = Phobit_Tests/Info.plist;
				IPHONEOS_DEPLOYMENT_TARGET = 12.0;
				LD_RUNPATH_SEARCH_PATHS = "$(inherited) @executable_path/Frameworks @loader_path/Frameworks";
				PRODUCT_BUNDLE_IDENTIFIER = "lab73.Phobit-Tests";
				PRODUCT_NAME = "$(TARGET_NAME)";
				SWIFT_VERSION = 4.2;
				TARGETED_DEVICE_FAMILY = "1,2";
				TEST_HOST = "$(BUILT_PRODUCTS_DIR)/Phobit.app/Phobit";
			};
			name = Release;
		};
		981B67621FDC7551008D9835 /* Debug */ = {
			isa = XCBuildConfiguration;
			buildSettings = {
				ALWAYS_SEARCH_USER_PATHS = NO;
				CLANG_ALLOW_NON_MODULAR_INCLUDES_IN_FRAMEWORK_MODULES = YES;
				CLANG_ANALYZER_LOCALIZABILITY_NONLOCALIZED = YES;
				CLANG_ANALYZER_NONNULL = YES;
				CLANG_ANALYZER_NUMBER_OBJECT_CONVERSION = YES_AGGRESSIVE;
				CLANG_CXX_LANGUAGE_STANDARD = "gnu++14";
				CLANG_CXX_LIBRARY = "libc++";
				CLANG_ENABLE_MODULES = YES;
				CLANG_ENABLE_OBJC_ARC = YES;
				CLANG_WARN_BLOCK_CAPTURE_AUTORELEASING = YES;
				CLANG_WARN_BOOL_CONVERSION = YES;
				CLANG_WARN_COMMA = YES;
				CLANG_WARN_CONSTANT_CONVERSION = YES;
				CLANG_WARN_DIRECT_OBJC_ISA_USAGE = YES_ERROR;
				CLANG_WARN_DOCUMENTATION_COMMENTS = YES;
				CLANG_WARN_EMPTY_BODY = YES;
				CLANG_WARN_ENUM_CONVERSION = YES;
				CLANG_WARN_INFINITE_RECURSION = YES;
				CLANG_WARN_INT_CONVERSION = YES;
				CLANG_WARN_NON_LITERAL_NULL_CONVERSION = YES;
				CLANG_WARN_OBJC_LITERAL_CONVERSION = YES;
				CLANG_WARN_OBJC_ROOT_CLASS = YES_ERROR;
				CLANG_WARN_RANGE_LOOP_ANALYSIS = YES;
				CLANG_WARN_STRICT_PROTOTYPES = YES;
				CLANG_WARN_SUSPICIOUS_MOVE = YES;
				CLANG_WARN_UNGUARDED_AVAILABILITY = YES_AGGRESSIVE;
				CLANG_WARN_UNREACHABLE_CODE = YES;
				CLANG_WARN__DUPLICATE_METHOD_MATCH = YES;
				CODE_SIGN_IDENTITY = "iPhone Developer";
				COPY_PHASE_STRIP = NO;
				DEBUG_INFORMATION_FORMAT = dwarf;
				ENABLE_BITCODE = NO;
				ENABLE_STRICT_OBJC_MSGSEND = YES;
				ENABLE_TESTABILITY = YES;
				GCC_C_LANGUAGE_STANDARD = gnu11;
				GCC_DYNAMIC_NO_PIC = NO;
				GCC_NO_COMMON_BLOCKS = YES;
				GCC_OPTIMIZATION_LEVEL = 0;
				GCC_PREPROCESSOR_DEFINITIONS = (
					"DEBUG=1",
					"$(inherited)",
				);
				GCC_WARN_64_TO_32_BIT_CONVERSION = YES;
				GCC_WARN_ABOUT_RETURN_TYPE = YES_ERROR;
				GCC_WARN_UNDECLARED_SELECTOR = YES;
				GCC_WARN_UNINITIALIZED_AUTOS = YES_AGGRESSIVE;
				GCC_WARN_UNUSED_FUNCTION = YES;
				GCC_WARN_UNUSED_VARIABLE = YES;
				IPHONEOS_DEPLOYMENT_TARGET = 11.0;
				MTL_ENABLE_DEBUG_INFO = YES;
				ONLY_ACTIVE_ARCH = YES;
				SDKROOT = iphoneos;
				SWIFT_ACTIVE_COMPILATION_CONDITIONS = DEBUG;
				SWIFT_OPTIMIZATION_LEVEL = "-Onone";
			};
			name = Debug;
		};
		981B67631FDC7551008D9835 /* Release */ = {
			isa = XCBuildConfiguration;
			buildSettings = {
				ALWAYS_SEARCH_USER_PATHS = NO;
				CLANG_ALLOW_NON_MODULAR_INCLUDES_IN_FRAMEWORK_MODULES = YES;
				CLANG_ANALYZER_LOCALIZABILITY_NONLOCALIZED = YES;
				CLANG_ANALYZER_NONNULL = YES;
				CLANG_ANALYZER_NUMBER_OBJECT_CONVERSION = YES_AGGRESSIVE;
				CLANG_CXX_LANGUAGE_STANDARD = "gnu++14";
				CLANG_CXX_LIBRARY = "libc++";
				CLANG_ENABLE_MODULES = YES;
				CLANG_ENABLE_OBJC_ARC = YES;
				CLANG_WARN_BLOCK_CAPTURE_AUTORELEASING = YES;
				CLANG_WARN_BOOL_CONVERSION = YES;
				CLANG_WARN_COMMA = YES;
				CLANG_WARN_CONSTANT_CONVERSION = YES;
				CLANG_WARN_DIRECT_OBJC_ISA_USAGE = YES_ERROR;
				CLANG_WARN_DOCUMENTATION_COMMENTS = YES;
				CLANG_WARN_EMPTY_BODY = YES;
				CLANG_WARN_ENUM_CONVERSION = YES;
				CLANG_WARN_INFINITE_RECURSION = YES;
				CLANG_WARN_INT_CONVERSION = YES;
				CLANG_WARN_NON_LITERAL_NULL_CONVERSION = YES;
				CLANG_WARN_OBJC_LITERAL_CONVERSION = YES;
				CLANG_WARN_OBJC_ROOT_CLASS = YES_ERROR;
				CLANG_WARN_RANGE_LOOP_ANALYSIS = YES;
				CLANG_WARN_STRICT_PROTOTYPES = YES;
				CLANG_WARN_SUSPICIOUS_MOVE = YES;
				CLANG_WARN_UNGUARDED_AVAILABILITY = YES_AGGRESSIVE;
				CLANG_WARN_UNREACHABLE_CODE = YES;
				CLANG_WARN__DUPLICATE_METHOD_MATCH = YES;
				CODE_SIGN_IDENTITY = "iPhone Developer";
				COPY_PHASE_STRIP = NO;
				DEBUG_INFORMATION_FORMAT = "dwarf-with-dsym";
				ENABLE_BITCODE = NO;
				ENABLE_NS_ASSERTIONS = NO;
				ENABLE_STRICT_OBJC_MSGSEND = YES;
				GCC_C_LANGUAGE_STANDARD = gnu11;
				GCC_NO_COMMON_BLOCKS = YES;
				GCC_WARN_64_TO_32_BIT_CONVERSION = YES;
				GCC_WARN_ABOUT_RETURN_TYPE = YES_ERROR;
				GCC_WARN_UNDECLARED_SELECTOR = YES;
				GCC_WARN_UNINITIALIZED_AUTOS = YES_AGGRESSIVE;
				GCC_WARN_UNUSED_FUNCTION = YES;
				GCC_WARN_UNUSED_VARIABLE = YES;
				IPHONEOS_DEPLOYMENT_TARGET = 11.0;
				MTL_ENABLE_DEBUG_INFO = NO;
				SDKROOT = iphoneos;
				SWIFT_OPTIMIZATION_LEVEL = "-Owholemodule";
				VALIDATE_PRODUCT = YES;
			};
			name = Release;
		};
		981B67651FDC7551008D9835 /* Debug */ = {
			isa = XCBuildConfiguration;
			baseConfigurationReference = BC49D276EA5EDF74FFB3A7AC /* Pods-Phobit.debug.xcconfig */;
			buildSettings = {
				ASSETCATALOG_COMPILER_APPICON_NAME = AppIcon;
				CLANG_ALLOW_NON_MODULAR_INCLUDES_IN_FRAMEWORK_MODULES = YES;
				CODE_SIGN_IDENTITY = "iPhone Developer";
				"CODE_SIGN_IDENTITY[sdk=iphoneos*]" = "iPhone Developer";
				CODE_SIGN_STYLE = Automatic;
				DEVELOPMENT_TEAM = 4365VP3HP5;
				INFOPLIST_FILE = Phobit/Info.plist;
				IPHONEOS_DEPLOYMENT_TARGET = 11.0;
				LD_RUNPATH_SEARCH_PATHS = "$(inherited) @executable_path/Frameworks";
				PRODUCT_BUNDLE_IDENTIFIER = com.lab73.Phobit;
				PRODUCT_NAME = "$(TARGET_NAME)";
				PROVISIONING_PROFILE_SPECIFIER = "";
				SWIFT_VERSION = 4.0;
				TARGETED_DEVICE_FAMILY = "1,2";
			};
			name = Debug;
		};
		981B67661FDC7551008D9835 /* Release */ = {
			isa = XCBuildConfiguration;
			baseConfigurationReference = 8CDEA678F282EAE48BCE5ADC /* Pods-Phobit.release.xcconfig */;
			buildSettings = {
				ASSETCATALOG_COMPILER_APPICON_NAME = AppIcon;
				CLANG_ALLOW_NON_MODULAR_INCLUDES_IN_FRAMEWORK_MODULES = YES;
				CODE_SIGN_IDENTITY = "iPhone Developer";
				"CODE_SIGN_IDENTITY[sdk=iphoneos*]" = "iPhone Developer";
				CODE_SIGN_STYLE = Automatic;
				DEVELOPMENT_TEAM = 4365VP3HP5;
				INFOPLIST_FILE = Phobit/Info.plist;
				IPHONEOS_DEPLOYMENT_TARGET = 11.0;
				LD_RUNPATH_SEARCH_PATHS = "$(inherited) @executable_path/Frameworks";
				PRODUCT_BUNDLE_IDENTIFIER = com.lab73.Phobit;
				PRODUCT_NAME = "$(TARGET_NAME)";
				PROVISIONING_PROFILE_SPECIFIER = "";
				SWIFT_VERSION = 4.0;
				TARGETED_DEVICE_FAMILY = "1,2";
			};
			name = Release;
		};
/* End XCBuildConfiguration section */

/* Begin XCConfigurationList section */
		1666D97020D18C6E00F48AE6 /* Build configuration list for PBXNativeTarget "Phobit_Tests" */ = {
			isa = XCConfigurationList;
			buildConfigurations = (
				1666D97120D18C6E00F48AE6 /* Debug */,
				1666D97220D18C6E00F48AE6 /* Release */,
			);
			defaultConfigurationIsVisible = 0;
			defaultConfigurationName = Debug;
		};
		981B674D1FDC7551008D9835 /* Build configuration list for PBXProject "Phobit" */ = {
			isa = XCConfigurationList;
			buildConfigurations = (
				981B67621FDC7551008D9835 /* Debug */,
				981B67631FDC7551008D9835 /* Release */,
			);
			defaultConfigurationIsVisible = 0;
			defaultConfigurationName = Debug;
		};
		981B67641FDC7551008D9835 /* Build configuration list for PBXNativeTarget "Phobit" */ = {
			isa = XCConfigurationList;
			buildConfigurations = (
				981B67651FDC7551008D9835 /* Debug */,
				981B67661FDC7551008D9835 /* Release */,
			);
			defaultConfigurationIsVisible = 0;
			defaultConfigurationName = Debug;
		};
/* End XCConfigurationList section */
	};
	rootObject = 981B674A1FDC7551008D9835 /* Project object */;
}
